
Microsoft Visual Studio Solution File, Format Version 12.00
# Visual Studio Version 17
VisualStudioVersion = 17.6.33829.357
MinimumVisualStudioVersion = 10.0.40219.1
Project("{FAE04EC0-301F-11D3-BF4B-00C04F79EFBC}") = "NoSQLDatabase_CSharp", "NoSQLDatabase_CSharp.csproj", "{A5666294-1700-4A74-BFE8-DE2C09800C33}"
EndProject
Global
	GlobalSection(SolutionConfigurationPlatforms) = preSolution
		Debug|Any CPU = Debug|Any CPU
		Release|Any CPU = Release|Any CPU
	EndGlobalSection
	GlobalSection(ProjectConfigurationPlatforms) = postSolution
		{A5666294-1700-4A74-BFE8-DE2C09800C33}.Debug|Any CPU.ActiveCfg = Debug|Any CPU
		{A5666294-1700-4A74-BFE8-DE2C09800C33}.Debug|Any CPU.Build.0 = Debug|Any CPU
		{A5666294-1700-4A74-BFE8-DE2C09800C33}.Release|Any CPU.ActiveCfg = Release|Any CPU
		{A5666294-1700-4A74-BFE8-DE2C09800C33}.Release|Any CPU.Build.0 = Release|Any CPU
	EndGlobalSection
	GlobalSection(SolutionProperties) = preSolution
		HideSolutionNode = FALSE
	EndGlobalSection
	GlobalSection(ExtensibilityGlobals) = postSolution
		SolutionGuid = {96BC0133-E0D2-4FB1-BB9D-C1CAC1B19A09}
	EndGlobalSection
EndGlobal
